
Microsoft Visual Studio Solution File, Format Version 12.00
# Visual Studio Version 16
VisualStudioVersion = 16.0.30011.22
MinimumVisualStudioVersion = 10.0.40219.1
Project("{2150E333-8FDC-42A3-9474-1A3956D46DE8}") = "Src", "Src", "{FD86DC04-FA36-4274-B0E2-62B6F1D19F1B}"
EndProject
Project("{2150E333-8FDC-42A3-9474-1A3956D46DE8}") = "Doc", "Doc", "{41831B0F-449A-448A-9537-CD92F3202CA1}"
EndProject
Project("{2150E333-8FDC-42A3-9474-1A3956D46DE8}") = "Test", "Test", "{8AA7FD95-BD4B-4088-94AF-1AF51E0DC477}"
EndProject
Project("{2150E333-8FDC-42A3-9474-1A3956D46DE8}") = "Common", "Common", "{BB1FF098-92B3-4985-B055-5A1D38A92C08}"
EndProject
Project("{2150E333-8FDC-42A3-9474-1A3956D46DE8}") = "Core", "Core", "{85654E25-9F48-44C0-A568-2C68B713B9E4}"
EndProject
Project("{2150E333-8FDC-42A3-9474-1A3956D46DE8}") = "Infrastructure", "Infrastructure", "{16149BF2-59C4-4682-A9C3-BC01CF71ADC8}"
EndProject
Project("{2150E333-8FDC-42A3-9474-1A3956D46DE8}") = "Presentation", "Presentation", "{A5451CDF-F010-4DF4-BFF7-AC082EE0A88E}"
EndProject
Project("{9A19103F-16F7-4668-BE54-9A1E7A4F7556}") = "Cornea.Domain", "Cornea.Domain\Cornea.Domain.csproj", "{99FFE60B-108F-4606-AFDE-B4720B42DFD1}"
EndProject
Project("{9A19103F-16F7-4668-BE54-9A1E7A4F7556}") = "Cornea.Application", "Cornea.Application\Cornea.Application.csproj", "{DFBC147B-8033-4AEC-B597-50BA0D1B4D06}"
EndProject
Project("{9A19103F-16F7-4668-BE54-9A1E7A4F7556}") = "Cornea.Infrastructure", "Cornea.Infrastructure\Cornea.Infrastructure.csproj", "{2B7BF499-403F-4F87-AF8E-5461D27AE424}"
EndProject
Project("{9A19103F-16F7-4668-BE54-9A1E7A4F7556}") = "Cornea.Persistence", "Cornea.Persistence\Cornea.Persistence.csproj", "{FC223A2F-7D91-46EB-85B8-6DB4FC8335D3}"
EndProject
Project("{9A19103F-16F7-4668-BE54-9A1E7A4F7556}") = "Cornea.Site", "Cornea.Site\Cornea.Site.csproj", "{D3ED3623-B80F-4140-B07A-96BEAFE7B2C5}"
EndProject
Project("{FAE04EC0-301F-11D3-BF4B-00C04F79EFBC}") = "Cornea.Common", "Cornea.Common\Cornea.Common.csproj", "{6DE96ED0-9B94-4264-B3D6-30E2316F8FE9}"
EndProject
Global
	GlobalSection(SolutionConfigurationPlatforms) = preSolution
		Debug|Any CPU = Debug|Any CPU
		Release|Any CPU = Release|Any CPU
	EndGlobalSection
	GlobalSection(ProjectConfigurationPlatforms) = postSolution
		{99FFE60B-108F-4606-AFDE-B4720B42DFD1}.Debug|Any CPU.ActiveCfg = Debug|Any CPU
		{99FFE60B-108F-4606-AFDE-B4720B42DFD1}.Debug|Any CPU.Build.0 = Debug|Any CPU
		{99FFE60B-108F-4606-AFDE-B4720B42DFD1}.Release|Any CPU.ActiveCfg = Release|Any CPU
		{99FFE60B-108F-4606-AFDE-B4720B42DFD1}.Release|Any CPU.Build.0 = Release|Any CPU
		{DFBC147B-8033-4AEC-B597-50BA0D1B4D06}.Debug|Any CPU.ActiveCfg = Debug|Any CPU
		{DFBC147B-8033-4AEC-B597-50BA0D1B4D06}.Debug|Any CPU.Build.0 = Debug|Any CPU
		{DFBC147B-8033-4AEC-B597-50BA0D1B4D06}.Release|Any CPU.ActiveCfg = Release|Any CPU
		{DFBC147B-8033-4AEC-B597-50BA0D1B4D06}.Release|Any CPU.Build.0 = Release|Any CPU
		{2B7BF499-403F-4F87-AF8E-5461D27AE424}.Debug|Any CPU.ActiveCfg = Debug|Any CPU
		{2B7BF499-403F-4F87-AF8E-5461D27AE424}.Debug|Any CPU.Build.0 = Debug|Any CPU
		{2B7BF499-403F-4F87-AF8E-5461D27AE424}.Release|Any CPU.ActiveCfg = Release|Any CPU
		{2B7BF499-403F-4F87-AF8E-5461D27AE424}.Release|Any CPU.Build.0 = Release|Any CPU
		{FC223A2F-7D91-46EB-85B8-6DB4FC8335D3}.Debug|Any CPU.ActiveCfg = Debug|Any CPU
		{FC223A2F-7D91-46EB-85B8-6DB4FC8335D3}.Debug|Any CPU.Build.0 = Debug|Any CPU
		{FC223A2F-7D91-46EB-85B8-6DB4FC8335D3}.Release|Any CPU.ActiveCfg = Release|Any CPU
		{FC223A2F-7D91-46EB-85B8-6DB4FC8335D3}.Release|Any CPU.Build.0 = Release|Any CPU
		{D3ED3623-B80F-4140-B07A-96BEAFE7B2C5}.Debug|Any CPU.ActiveCfg = Debug|Any CPU
		{D3ED3623-B80F-4140-B07A-96BEAFE7B2C5}.Debug|Any CPU.Build.0 = Debug|Any CPU
		{D3ED3623-B80F-4140-B07A-96BEAFE7B2C5}.Release|Any CPU.ActiveCfg = Release|Any CPU
		{D3ED3623-B80F-4140-B07A-96BEAFE7B2C5}.Release|Any CPU.Build.0 = Release|Any CPU
		{6DE96ED0-9B94-4264-B3D6-30E2316F8FE9}.Debug|Any CPU.ActiveCfg = Debug|Any CPU
		{6DE96ED0-9B94-4264-B3D6-30E2316F8FE9}.Debug|Any CPU.Build.0 = Debug|Any CPU
		{6DE96ED0-9B94-4264-B3D6-30E2316F8FE9}.Release|Any CPU.ActiveCfg = Release|Any CPU
		{6DE96ED0-9B94-4264-B3D6-30E2316F8FE9}.Release|Any CPU.Build.0 = Release|Any CPU
	EndGlobalSection
	GlobalSection(SolutionProperties) = preSolution
		HideSolutionNode = FALSE
	EndGlobalSection
	GlobalSection(NestedProjects) = preSolution
		{BB1FF098-92B3-4985-B055-5A1D38A92C08} = {FD86DC04-FA36-4274-B0E2-62B6F1D19F1B}
		{85654E25-9F48-44C0-A568-2C68B713B9E4} = {FD86DC04-FA36-4274-B0E2-62B6F1D19F1B}
		{16149BF2-59C4-4682-A9C3-BC01CF71ADC8} = {FD86DC04-FA36-4274-B0E2-62B6F1D19F1B}
		{A5451CDF-F010-4DF4-BFF7-AC082EE0A88E} = {FD86DC04-FA36-4274-B0E2-62B6F1D19F1B}
		{99FFE60B-108F-4606-AFDE-B4720B42DFD1} = {85654E25-9F48-44C0-A568-2C68B713B9E4}
		{DFBC147B-8033-4AEC-B597-50BA0D1B4D06} = {85654E25-9F48-44C0-A568-2C68B713B9E4}
		{2B7BF499-403F-4F87-AF8E-5461D27AE424} = {16149BF2-59C4-4682-A9C3-BC01CF71ADC8}
		{FC223A2F-7D91-46EB-85B8-6DB4FC8335D3} = {16149BF2-59C4-4682-A9C3-BC01CF71ADC8}
		{D3ED3623-B80F-4140-B07A-96BEAFE7B2C5} = {A5451CDF-F010-4DF4-BFF7-AC082EE0A88E}
		{6DE96ED0-9B94-4264-B3D6-30E2316F8FE9} = {BB1FF098-92B3-4985-B055-5A1D38A92C08}
	EndGlobalSection
	GlobalSection(ExtensibilityGlobals) = postSolution
		SolutionGuid = {AD01CBD9-0CEB-4971-80E2-F4817651C223}
	EndGlobalSection
EndGlobal
